{
  "requires": true,
  "lockfileVersion": 1,
  "dependencies": {
    "serverless-plugin-lambda-insights": {
      "version": "1.6.0",
      "resolved": "https://registry.npmjs.org/serverless-plugin-lambda-insights/-/serverless-plugin-lambda-insights-1.6.0.tgz",
      "integrity": "sha512-oi5PwKu9R0BNzawSflRNRXG2Wi+xk2vl+SWB+Tk56TPEoekQL7hzYSxTZOFsig7GxzVhSsRWd37nwgY3yFWMvQ==",
      "dev": true
    }
  }
}
